// !$*UTF8*$!
{
	archiveVersion = 1;
	classes = {
	};
	objectVersion = 46;
	objects = {

/* Begin PBXBuildFile section */
		27C211AB1A81068F0088B8B8 /* AppDelegate.swift in Sources */ = {isa = PBXBuildFile; fileRef = 27C211AA1A81068F0088B8B8 /* AppDelegate.swift */; };
		27C211B01A81068F0088B8B8 /* Main.storyboard in Resources */ = {isa = PBXBuildFile; fileRef = 27C211AE1A81068F0088B8B8 /* Main.storyboard */; };
		27C211B21A81068F0088B8B8 /* Images.xcassets in Resources */ = {isa = PBXBuildFile; fileRef = 27C211B11A81068F0088B8B8 /* Images.xcassets */; };
		27C211B51A81068F0088B8B8 /* LaunchScreen.xib in Resources */ = {isa = PBXBuildFile; fileRef = 27C211B31A81068F0088B8B8 /* LaunchScreen.xib */; };
		27C211C11A81068F0088B8B8 /* SkeeveVKTests.swift in Sources */ = {isa = PBXBuildFile; fileRef = 27C211C01A81068F0088B8B8 /* SkeeveVKTests.swift */; };
		27C211CE1A8109810088B8B8 /* MainMenuViewController.swift in Sources */ = {isa = PBXBuildFile; fileRef = 27C211CD1A8109810088B8B8 /* MainMenuViewController.swift */; };
		27C211D21A810AEC0088B8B8 /* MainViewController.swift in Sources */ = {isa = PBXBuildFile; fileRef = 27C211D11A810AEC0088B8B8 /* MainViewController.swift */; };
		27C211D41A811B300088B8B8 /* MenuViewController.swift in Sources */ = {isa = PBXBuildFile; fileRef = 27C211D31A811B300088B8B8 /* MenuViewController.swift */; };
		27C685901A8211E100351EC7 /* libVKSdk.a in Frameworks */ = {isa = PBXBuildFile; fileRef = 27C6858D1A8211B100351EC7 /* libVKSdk.a */; };
		27C685931A8211FD00351EC7 /* VKSdkResources.bundle in Resources */ = {isa = PBXBuildFile; fileRef = 27C6858F1A8211B100351EC7 /* VKSdkResources.bundle */; };
/* End PBXBuildFile section */

/* Begin PBXContainerItemProxy section */
		27C211BB1A81068F0088B8B8 /* PBXContainerItemProxy */ = {
			isa = PBXContainerItemProxy;
			containerPortal = 27C2119D1A81068F0088B8B8 /* Project object */;
			proxyType = 1;
			remoteGlobalIDString = 27C211A41A81068F0088B8B8;
			remoteInfo = SkeeveVK;
		};
		27C6858C1A8211B100351EC7 /* PBXContainerItemProxy */ = {
			isa = PBXContainerItemProxy;
			containerPortal = 27C685861A8211B100351EC7 /* VKSdk.xcodeproj */;
			proxyType = 2;
			remoteGlobalIDString = F3C7542D182133CC00964716;
			remoteInfo = VKSdk;
		};
		27C6858E1A8211B100351EC7 /* PBXContainerItemProxy */ = {
			isa = PBXContainerItemProxy;
			containerPortal = 27C685861A8211B100351EC7 /* VKSdk.xcodeproj */;
			proxyType = 2;
			remoteGlobalIDString = F3BACC401865905B003158DA;
			remoteInfo = VKSdkResources;
		};
		27C685911A8211E900351EC7 /* PBXContainerItemProxy */ = {
			isa = PBXContainerItemProxy;
			containerPortal = 27C685861A8211B100351EC7 /* VKSdk.xcodeproj */;
			proxyType = 1;
			remoteGlobalIDString = F3C7542C182133CC00964716;
			remoteInfo = VKSdk;
		};
		27C685941A82120100351EC7 /* PBXContainerItemProxy */ = {
			isa = PBXContainerItemProxy;
			containerPortal = 27C685861A8211B100351EC7 /* VKSdk.xcodeproj */;
			proxyType = 1;
			remoteGlobalIDString = F3BACC3F1865905B003158DA;
			remoteInfo = VKSdkResources;
		};
/* End PBXContainerItemProxy section */

/* Begin PBXFileReference section */
		27C211A51A81068F0088B8B8 /* SkeeveVK.app */ = {isa = PBXFileReference; explicitFileType = wrapper.application; includeInIndex = 0; path = SkeeveVK.app; sourceTree = BUILT_PRODUCTS_DIR; };
		27C211A91A81068F0088B8B8 /* Info.plist */ = {isa = PBXFileReference; lastKnownFileType = text.plist.xml; path = Info.plist; sourceTree = "<group>"; };
		27C211AA1A81068F0088B8B8 /* AppDelegate.swift */ = {isa = PBXFileReference; lastKnownFileType = sourcecode.swift; path = AppDelegate.swift; sourceTree = "<group>"; };
		27C211AF1A81068F0088B8B8 /* Base */ = {isa = PBXFileReference; lastKnownFileType = file.storyboard; name = Base; path = Base.lproj/Main.storyboard; sourceTree = "<group>"; };
		27C211B11A81068F0088B8B8 /* Images.xcassets */ = {isa = PBXFileReference; lastKnownFileType = folder.assetcatalog; path = Images.xcassets; sourceTree = "<group>"; };
		27C211B41A81068F0088B8B8 /* Base */ = {isa = PBXFileReference; lastKnownFileType = file.xib; name = Base; path = Base.lproj/LaunchScreen.xib; sourceTree = "<group>"; };
		27C211BA1A81068F0088B8B8 /* SkeeveVKTests.xctest */ = {isa = PBXFileReference; explicitFileType = wrapper.cfbundle; includeInIndex = 0; path = SkeeveVKTests.xctest; sourceTree = BUILT_PRODUCTS_DIR; };
		27C211BF1A81068F0088B8B8 /* Info.plist */ = {isa = PBXFileReference; lastKnownFileType = text.plist.xml; path = Info.plist; sourceTree = "<group>"; };
		27C211C01A81068F0088B8B8 /* SkeeveVKTests.swift */ = {isa = PBXFileReference; lastKnownFileType = sourcecode.swift; path = SkeeveVKTests.swift; sourceTree = "<group>"; };
		27C211CD1A8109810088B8B8 /* MainMenuViewController.swift */ = {isa = PBXFileReference; fileEncoding = 4; lastKnownFileType = sourcecode.swift; name = MainMenuViewController.swift; path = Classes/MainMenuViewController.swift; sourceTree = "<group>"; };
		27C211D11A810AEC0088B8B8 /* MainViewController.swift */ = {isa = PBXFileReference; fileEncoding = 4; lastKnownFileType = sourcecode.swift; name = MainViewController.swift; path = Classes/MainViewController.swift; sourceTree = "<group>"; };
		27C211D31A811B300088B8B8 /* MenuViewController.swift */ = {isa = PBXFileReference; fileEncoding = 4; lastKnownFileType = sourcecode.swift; name = MenuViewController.swift; path = Classes/MenuViewController.swift; sourceTree = "<group>"; };
		27C685851A82073C00351EC7 /* VKSdk_Bridge.h */ = {isa = PBXFileReference; fileEncoding = 4; lastKnownFileType = sourcecode.c.h; path = VKSdk_Bridge.h; sourceTree = "<group>"; };
		27C685861A8211B100351EC7 /* VKSdk.xcodeproj */ = {isa = PBXFileReference; lastKnownFileType = "wrapper.pb-project"; name = VKSdk.xcodeproj; path = sdk/VKSdk.xcodeproj; sourceTree = "<group>"; };
/* End PBXFileReference section */

/* Begin PBXFrameworksBuildPhase section */
		27C211A21A81068F0088B8B8 /* Frameworks */ = {
			isa = PBXFrameworksBuildPhase;
			buildActionMask = 2147483647;
			files = (
				27C685901A8211E100351EC7 /* libVKSdk.a in Frameworks */,
			);
			runOnlyForDeploymentPostprocessing = 0;
		};
		27C211B71A81068F0088B8B8 /* Frameworks */ = {
			isa = PBXFrameworksBuildPhase;
			buildActionMask = 2147483647;
			files = (
			);
			runOnlyForDeploymentPostprocessing = 0;
		};
/* End PBXFrameworksBuildPhase section */

/* Begin PBXGroup section */
		27C2119C1A81068F0088B8B8 = {
			isa = PBXGroup;
			children = (
				27C211A71A81068F0088B8B8 /* SkeeveVK */,
				27C211BD1A81068F0088B8B8 /* SkeeveVKTests */,
				27C211A61A81068F0088B8B8 /* Products */,
			);
			sourceTree = "<group>";
		};
		27C211A61A81068F0088B8B8 /* Products */ = {
			isa = PBXGroup;
			children = (
				27C211A51A81068F0088B8B8 /* SkeeveVK.app */,
				27C211BA1A81068F0088B8B8 /* SkeeveVKTests.xctest */,
			);
			name = Products;
			sourceTree = "<group>";
		};
		27C211A71A81068F0088B8B8 /* SkeeveVK */ = {
			isa = PBXGroup;
			children = (
				27C685841A8206D500351EC7 /* Vendors */,
				27C211CA1A8109100088B8B8 /* ViewControllers */,
				27C211AA1A81068F0088B8B8 /* AppDelegate.swift */,
				27C211AE1A81068F0088B8B8 /* Main.storyboard */,
				27C211B11A81068F0088B8B8 /* Images.xcassets */,
				27C211B31A81068F0088B8B8 /* LaunchScreen.xib */,
				27C211A81A81068F0088B8B8 /* Supporting Files */,
			);
			path = SkeeveVK;
			sourceTree = "<group>";
		};
		27C211A81A81068F0088B8B8 /* Supporting Files */ = {
			isa = PBXGroup;
			children = (
				27C211A91A81068F0088B8B8 /* Info.plist */,
			);
			name = "Supporting Files";
			sourceTree = "<group>";
		};
		27C211BD1A81068F0088B8B8 /* SkeeveVKTests */ = {
			isa = PBXGroup;
			children = (
				27C211C01A81068F0088B8B8 /* SkeeveVKTests.swift */,
				27C211BE1A81068F0088B8B8 /* Supporting Files */,
			);
			path = SkeeveVKTests;
			sourceTree = "<group>";
		};
		27C211BE1A81068F0088B8B8 /* Supporting Files */ = {
			isa = PBXGroup;
			children = (
				27C211BF1A81068F0088B8B8 /* Info.plist */,
			);
			name = "Supporting Files";
			sourceTree = "<group>";
		};
		27C211CA1A8109100088B8B8 /* ViewControllers */ = {
			isa = PBXGroup;
			children = (
				27C211CD1A8109810088B8B8 /* MainMenuViewController.swift */,
				27C211D31A811B300088B8B8 /* MenuViewController.swift */,
				27C211D11A810AEC0088B8B8 /* MainViewController.swift */,
			);
			name = ViewControllers;
			sourceTree = "<group>";
		};
		27C6857F1A8206B300351EC7 /* VKSDK */ = {
			isa = PBXGroup;
			children = (
				27C685861A8211B100351EC7 /* VKSdk.xcodeproj */,
				27C685851A82073C00351EC7 /* VKSdk_Bridge.h */,
			);
			name = VKSDK;
			path = Vendors/VKSDK;
			sourceTree = "<group>";
		};
		27C685841A8206D500351EC7 /* Vendors */ = {
			isa = PBXGroup;
			children = (
				27C6857F1A8206B300351EC7 /* VKSDK */,
			);
			name = Vendors;
			sourceTree = "<group>";
		};
		27C685871A8211B100351EC7 /* Products */ = {
			isa = PBXGroup;
			children = (
				27C6858D1A8211B100351EC7 /* libVKSdk.a */,
				27C6858F1A8211B100351EC7 /* VKSdkResources.bundle */,
			);
			name = Products;
			sourceTree = "<group>";
		};
/* End PBXGroup section */

/* Begin PBXNativeTarget section */
		27C211A41A81068F0088B8B8 /* SkeeveVK */ = {
			isa = PBXNativeTarget;
			buildConfigurationList = 27C211C41A81068F0088B8B8 /* Build configuration list for PBXNativeTarget "SkeeveVK" */;
			buildPhases = (
				27C211A11A81068F0088B8B8 /* Sources */,
				27C211A21A81068F0088B8B8 /* Frameworks */,
				27C211A31A81068F0088B8B8 /* Resources */,
			);
			buildRules = (
			);
			dependencies = (
				27C685951A82120100351EC7 /* PBXTargetDependency */,
				27C685921A8211E900351EC7 /* PBXTargetDependency */,
			);
			name = SkeeveVK;
			productName = SkeeveVK;
			productReference = 27C211A51A81068F0088B8B8 /* SkeeveVK.app */;
			productType = "com.apple.product-type.application";
		};
		27C211B91A81068F0088B8B8 /* SkeeveVKTests */ = {
			isa = PBXNativeTarget;
			buildConfigurationList = 27C211C71A81068F0088B8B8 /* Build configuration list for PBXNativeTarget "SkeeveVKTests" */;
			buildPhases = (
				27C211B61A81068F0088B8B8 /* Sources */,
				27C211B71A81068F0088B8B8 /* Frameworks */,
				27C211B81A81068F0088B8B8 /* Resources */,
			);
			buildRules = (
			);
			dependencies = (
				27C211BC1A81068F0088B8B8 /* PBXTargetDependency */,
			);
			name = SkeeveVKTests;
			productName = SkeeveVKTests;
			productReference = 27C211BA1A81068F0088B8B8 /* SkeeveVKTests.xctest */;
			productType = "com.apple.product-type.bundle.unit-test";
		};
/* End PBXNativeTarget section */

/* Begin PBXProject section */
		27C2119D1A81068F0088B8B8 /* Project object */ = {
			isa = PBXProject;
			attributes = {
				LastUpgradeCheck = 0610;
				ORGANIZATIONNAME = harchenko;
				TargetAttributes = {
					27C211A41A81068F0088B8B8 = {
						CreatedOnToolsVersion = 6.1.1;
						DevelopmentTeam = 226D4X4623;
					};
					27C211B91A81068F0088B8B8 = {
						CreatedOnToolsVersion = 6.1.1;
						TestTargetID = 27C211A41A81068F0088B8B8;
					};
				};
			};
			buildConfigurationList = 27C211A01A81068F0088B8B8 /* Build configuration list for PBXProject "SkeeveVK" */;
			compatibilityVersion = "Xcode 3.2";
			developmentRegion = English;
			hasScannedForEncodings = 0;
			knownRegions = (
				en,
				Base,
			);
			mainGroup = 27C2119C1A81068F0088B8B8;
			productRefGroup = 27C211A61A81068F0088B8B8 /* Products */;
			projectDirPath = "";
			projectReferences = (
				{
					ProductGroup = 27C685871A8211B100351EC7 /* Products */;
					ProjectRef = 27C685861A8211B100351EC7 /* VKSdk.xcodeproj */;
				},
			);
			projectRoot = "";
			targets = (
				27C211A41A81068F0088B8B8 /* SkeeveVK */,
				27C211B91A81068F0088B8B8 /* SkeeveVKTests */,
			);
		};
/* End PBXProject section */

/* Begin PBXReferenceProxy section */
		27C6858D1A8211B100351EC7 /* libVKSdk.a */ = {
			isa = PBXReferenceProxy;
			fileType = archive.ar;
			path = libVKSdk.a;
			remoteRef = 27C6858C1A8211B100351EC7 /* PBXContainerItemProxy */;
			sourceTree = BUILT_PRODUCTS_DIR;
		};
		27C6858F1A8211B100351EC7 /* VKSdkResources.bundle */ = {
			isa = PBXReferenceProxy;
			fileType = wrapper.cfbundle;
			path = VKSdkResources.bundle;
			remoteRef = 27C6858E1A8211B100351EC7 /* PBXContainerItemProxy */;
			sourceTree = BUILT_PRODUCTS_DIR;
		};
/* End PBXReferenceProxy section */

/* Begin PBXResourcesBuildPhase section */
		27C211A31A81068F0088B8B8 /* Resources */ = {
			isa = PBXResourcesBuildPhase;
			buildActionMask = 2147483647;
			files = (
				27C211B01A81068F0088B8B8 /* Main.storyboard in Resources */,
				27C685931A8211FD00351EC7 /* VKSdkResources.bundle in Resources */,
				27C211B51A81068F0088B8B8 /* LaunchScreen.xib in Resources */,
				27C211B21A81068F0088B8B8 /* Images.xcassets in Resources */,
			);
			runOnlyForDeploymentPostprocessing = 0;
		};
		27C211B81A81068F0088B8B8 /* Resources */ = {
			isa = PBXResourcesBuildPhase;
			buildActionMask = 2147483647;
			files = (
			);
			runOnlyForDeploymentPostprocessing = 0;
		};
/* End PBXResourcesBuildPhase section */

/* Begin PBXSourcesBuildPhase section */
		27C211A11A81068F0088B8B8 /* Sources */ = {
			isa = PBXSourcesBuildPhase;
			buildActionMask = 2147483647;
			files = (
				27C211CE1A8109810088B8B8 /* MainMenuViewController.swift in Sources */,
				27C211AB1A81068F0088B8B8 /* AppDelegate.swift in Sources */,
				27C211D21A810AEC0088B8B8 /* MainViewController.swift in Sources */,
				27C211D41A811B300088B8B8 /* MenuViewController.swift in Sources */,
			);
			runOnlyForDeploymentPostprocessing = 0;
		};
		27C211B61A81068F0088B8B8 /* Sources */ = {
			isa = PBXSourcesBuildPhase;
			buildActionMask = 2147483647;
			files = (
				27C211C11A81068F0088B8B8 /* SkeeveVKTests.swift in Sources */,
			);
			runOnlyForDeploymentPostprocessing = 0;
		};
/* End PBXSourcesBuildPhase section */

/* Begin PBXTargetDependency section */
		27C211BC1A81068F0088B8B8 /* PBXTargetDependency */ = {
			isa = PBXTargetDependency;
			target = 27C211A41A81068F0088B8B8 /* SkeeveVK */;
			targetProxy = 27C211BB1A81068F0088B8B8 /* PBXContainerItemProxy */;
		};
		27C685921A8211E900351EC7 /* PBXTargetDependency */ = {
			isa = PBXTargetDependency;
			name = VKSdk;
			targetProxy = 27C685911A8211E900351EC7 /* PBXContainerItemProxy */;
		};
		27C685951A82120100351EC7 /* PBXTargetDependency */ = {
			isa = PBXTargetDependency;
			name = VKSdkResources;
			targetProxy = 27C685941A82120100351EC7 /* PBXContainerItemProxy */;
		};
/* End PBXTargetDependency section */

/* Begin PBXVariantGroup section */
		27C211AE1A81068F0088B8B8 /* Main.storyboard */ = {
			isa = PBXVariantGroup;
			children = (
				27C211AF1A81068F0088B8B8 /* Base */,
			);
			name = Main.storyboard;
			sourceTree = "<group>";
		};
		27C211B31A81068F0088B8B8 /* LaunchScreen.xib */ = {
			isa = PBXVariantGroup;
			children = (
				27C211B41A81068F0088B8B8 /* Base */,
			);
			name = LaunchScreen.xib;
			sourceTree = "<group>";
		};
/* End PBXVariantGroup section */

/* Begin XCBuildConfiguration section */
		27C211C21A81068F0088B8B8 /* Debug */ = {
			isa = XCBuildConfiguration;
			buildSettings = {
				ALWAYS_SEARCH_USER_PATHS = NO;
				CLANG_CXX_LANGUAGE_STANDARD = "gnu++0x";
				CLANG_CXX_LIBRARY = "libc++";
				CLANG_ENABLE_MODULES = YES;
				CLANG_ENABLE_OBJC_ARC = YES;
				CLANG_WARN_BOOL_CONVERSION = YES;
				CLANG_WARN_CONSTANT_CONVERSION = YES;
				CLANG_WARN_DIRECT_OBJC_ISA_USAGE = YES_ERROR;
				CLANG_WARN_EMPTY_BODY = YES;
				CLANG_WARN_ENUM_CONVERSION = YES;
				CLANG_WARN_INT_CONVERSION = YES;
				CLANG_WARN_OBJC_ROOT_CLASS = YES_ERROR;
				CLANG_WARN_UNREACHABLE_CODE = YES;
				CLANG_WARN__DUPLICATE_METHOD_MATCH = YES;
				"CODE_SIGN_IDENTITY[sdk=iphoneos*]" = "iPhone Developer";
				COPY_PHASE_STRIP = NO;
				ENABLE_STRICT_OBJC_MSGSEND = YES;
				GCC_C_LANGUAGE_STANDARD = gnu99;
				GCC_DYNAMIC_NO_PIC = NO;
				GCC_OPTIMIZATION_LEVEL = 0;
				GCC_PREPROCESSOR_DEFINITIONS = (
					"DEBUG=1",
					"$(inherited)",
				);
				GCC_SYMBOLS_PRIVATE_EXTERN = NO;
				GCC_WARN_64_TO_32_BIT_CONVERSION = YES;
				GCC_WARN_ABOUT_RETURN_TYPE = YES_ERROR;
				GCC_WARN_UNDECLARED_SELECTOR = YES;
				GCC_WARN_UNINITIALIZED_AUTOS = YES_AGGRESSIVE;
				GCC_WARN_UNUSED_FUNCTION = YES;
				GCC_WARN_UNUSED_VARIABLE = YES;
				IPHONEOS_DEPLOYMENT_TARGET = 8.1;
				MTL_ENABLE_DEBUG_INFO = YES;
				ONLY_ACTIVE_ARCH = YES;
				SDKROOT = iphoneos;
				SWIFT_OPTIMIZATION_LEVEL = "-Onone";
				TARGETED_DEVICE_FAMILY = "1,2";
			};
			name = Debug;
		};
		27C211C31A81068F0088B8B8 /* Release */ = {
			isa = XCBuildConfiguration;
			buildSettings = {
				ALWAYS_SEARCH_USER_PATHS = NO;
				CLANG_CXX_LANGUAGE_STANDARD = "gnu++0x";
				CLANG_CXX_LIBRARY = "libc++";
				CLANG_ENABLE_MODULES = YES;
				CLANG_ENABLE_OBJC_ARC = YES;
				CLANG_WARN_BOOL_CONVERSION = YES;
				CLANG_WARN_CONSTANT_CONVERSION = YES;
				CLANG_WARN_DIRECT_OBJC_ISA_USAGE = YES_ERROR;
				CLANG_WARN_EMPTY_BODY = YES;
				CLANG_WARN_ENUM_CONVERSION = YES;
				CLANG_WARN_INT_CONVERSION = YES;
				CLANG_WARN_OBJC_ROOT_CLASS = YES_ERROR;
				CLANG_WARN_UNREACHABLE_CODE = YES;
				CLANG_WARN__DUPLICATE_METHOD_MATCH = YES;
				"CODE_SIGN_IDENTITY[sdk=iphoneos*]" = "iPhone Developer";
				COPY_PHASE_STRIP = YES;
				ENABLE_NS_ASSERTIONS = NO;
				ENABLE_STRICT_OBJC_MSGSEND = YES;
				GCC_C_LANGUAGE_STANDARD = gnu99;
				GCC_WARN_64_TO_32_BIT_CONVERSION = YES;
				GCC_WARN_ABOUT_RETURN_TYPE = YES_ERROR;
				GCC_WARN_UNDECLARED_SELECTOR = YES;
				GCC_WARN_UNINITIALIZED_AUTOS = YES_AGGRESSIVE;
				GCC_WARN_UNUSED_FUNCTION = YES;
				GCC_WARN_UNUSED_VARIABLE = YES;
				IPHONEOS_DEPLOYMENT_TARGET = 8.1;
				MTL_ENABLE_DEBUG_INFO = NO;
				SDKROOT = iphoneos;
				TARGETED_DEVICE_FAMILY = "1,2";
				VALIDATE_PRODUCT = YES;
			};
			name = Release;
		};
		27C211C51A81068F0088B8B8 /* Debug */ = {
			isa = XCBuildConfiguration;
			buildSettings = {
				ASSETCATALOG_COMPILER_APPICON_NAME = AppIcon;
				CODE_SIGN_IDENTITY = "iPhone Developer";
				FRAMEWORK_SEARCH_PATHS = (
					"$(inherited)",
					"$(PROJECT_DIR)/SkeeveVK/Vendors/VKSDK",
				);
				HEADER_SEARCH_PATHS = (
					"$(inherited)",
					/Applications/Xcode.app/Contents/Developer/Toolchains/XcodeDefault.xctoolchain/usr/include,
					"$(PROJECT_DIR)/SkeeveVK/Vendors/**",
				);
				INFOPLIST_FILE = SkeeveVK/Info.plist;
				LD_RUNPATH_SEARCH_PATHS = "$(inherited) @executable_path/Frameworks";
				OTHER_LDFLAGS = "-ObjC";
				PRODUCT_NAME = "$(TARGET_NAME)";
				SWIFT_OBJC_BRIDGING_HEADER = "$(PROJECT_DIR)/SkeeveVK/Vendors/VKSDK/VKSdk_Bridge.h";
				TARGETED_DEVICE_FAMILY = 2;
			};
			name = Debug;
		};
		27C211C61A81068F0088B8B8 /* Release */ = {
			isa = XCBuildConfiguration;
			buildSettings = {
				ASSETCATALOG_COMPILER_APPICON_NAME = AppIcon;
				CODE_SIGN_IDENTITY = "iPhone Developer";
				FRAMEWORK_SEARCH_PATHS = (
					"$(inherited)",
					"$(PROJECT_DIR)/SkeeveVK/Vendors/VKSDK",
				);
				HEADER_SEARCH_PATHS = (
					"$(inherited)",
					/Applications/Xcode.app/Contents/Developer/Toolchains/XcodeDefault.xctoolchain/usr/include,
					"$(PROJECT_DIR)/SkeeveVK/Vendors/**",
				);
				INFOPLIST_FILE = SkeeveVK/Info.plist;
				LD_RUNPATH_SEARCH_PATHS = "$(inherited) @executable_path/Frameworks";
				OTHER_LDFLAGS = "-ObjC";
				PRODUCT_NAME = "$(TARGET_NAME)";
				SWIFT_OBJC_BRIDGING_HEADER = "$(PROJECT_DIR)/SkeeveVK/Vendors/VKSDK/VKSdk_Bridge.h";
				TARGETED_DEVICE_FAMILY = 2;
			};
			name = Release;
		};
		27C211C81A81068F0088B8B8 /* Debug */ = {
			isa = XCBuildConfiguration;
			buildSettings = {
				BUNDLE_LOADER = "$(TEST_HOST)";
				FRAMEWORK_SEARCH_PATHS = (
					"$(SDKROOT)/Developer/Library/Frameworks",
					"$(inherited)",
				);
				GCC_PREPROCESSOR_DEFINITIONS = (
					"DEBUG=1",
					"$(inherited)",
				);
				INFOPLIST_FILE = SkeeveVKTests/Info.plist;
				LD_RUNPATH_SEARCH_PATHS = "$(inherited) @executable_path/Frameworks @loader_path/Frameworks";
				PRODUCT_NAME = "$(TARGET_NAME)";
				TEST_HOST = "$(BUILT_PRODUCTS_DIR)/SkeeveVK.app/SkeeveVK";
			};
			name = Debug;
		};
		27C211C91A81068F0088B8B8 /* Release */ = {
			isa = XCBuildConfiguration;
			buildSettings = {
				BUNDLE_LOADER = "$(TEST_HOST)";
				FRAMEWORK_SEARCH_PATHS = (
					"$(SDKROOT)/Developer/Library/Frameworks",
					"$(inherited)",
				);
				INFOPLIST_FILE = SkeeveVKTests/Info.plist;
				LD_RUNPATH_SEARCH_PATHS = "$(inherited) @executable_path/Frameworks @loader_path/Frameworks";
				PRODUCT_NAME = "$(TARGET_NAME)";
				TEST_HOST = "$(BUILT_PRODUCTS_DIR)/SkeeveVK.app/SkeeveVK";
			};
			name = Release;
		};
/* End XCBuildConfiguration section */

/* Begin XCConfigurationList section */
		27C211A01A81068F0088B8B8 /* Build configuration list for PBXProject "SkeeveVK" */ = {
			isa = XCConfigurationList;
			buildConfigurations = (
				27C211C21A81068F0088B8B8 /* Debug */,
				27C211C31A81068F0088B8B8 /* Release */,
			);
			defaultConfigurationIsVisible = 0;
			defaultConfigurationName = Release;
		};
		27C211C41A81068F0088B8B8 /* Build configuration list for PBXNativeTarget "SkeeveVK" */ = {
			isa = XCConfigurationList;
			buildConfigurations = (
				27C211C51A81068F0088B8B8 /* Debug */,
				27C211C61A81068F0088B8B8 /* Release */,
			);
			defaultConfigurationIsVisible = 0;
			defaultConfigurationName = Release;
		};
		27C211C71A81068F0088B8B8 /* Build configuration list for PBXNativeTarget "SkeeveVKTests" */ = {
			isa = XCConfigurationList;
			buildConfigurations = (
				27C211C81A81068F0088B8B8 /* Debug */,
				27C211C91A81068F0088B8B8 /* Release */,
			);
			defaultConfigurationIsVisible = 0;
			defaultConfigurationName = Release;
		};
/* End XCConfigurationList section */
	};
	rootObject = 27C2119D1A81068F0088B8B8 /* Project object */;
}
